
Microsoft Visual Studio Solution File, Format Version 12.00
# Visual Studio Version 16
VisualStudioVersion = 16.0.29503.13
MinimumVisualStudioVersion = 10.0.40219.1
Project("{FAE04EC0-301F-11D3-BF4B-00C04F79EFBC}") = "EpidemicTrackerApp", "EpidemicTrackerApp\EpidemicTrackerApp.csproj", "{7855BBBB-ED8D-4ECF-8553-85D77EE6ADE2}"
EndProject
Project("{FAE04EC0-301F-11D3-BF4B-00C04F79EFBC}") = "EpidemicTrackerAppModels", "EpidemicTrackerAppModels\EpidemicTrackerAppModels.csproj", "{B4A6353B-FE6C-4A8A-8374-9D835DB86305}"
EndProject
Global
	GlobalSection(SolutionConfigurationPlatforms) = preSolution
		Debug|Any CPU = Debug|Any CPU
		Release|Any CPU = Release|Any CPU
	EndGlobalSection
	GlobalSection(ProjectConfigurationPlatforms) = postSolution
		{7855BBBB-ED8D-4ECF-8553-85D77EE6ADE2}.Debug|Any CPU.ActiveCfg = Debug|Any CPU
		{7855BBBB-ED8D-4ECF-8553-85D77EE6ADE2}.Debug|Any CPU.Build.0 = Debug|Any CPU
		{7855BBBB-ED8D-4ECF-8553-85D77EE6ADE2}.Release|Any CPU.ActiveCfg = Release|Any CPU
		{7855BBBB-ED8D-4ECF-8553-85D77EE6ADE2}.Release|Any CPU.Build.0 = Release|Any CPU
		{B4A6353B-FE6C-4A8A-8374-9D835DB86305}.Debug|Any CPU.ActiveCfg = Debug|Any CPU
		{B4A6353B-FE6C-4A8A-8374-9D835DB86305}.Debug|Any CPU.Build.0 = Debug|Any CPU
		{B4A6353B-FE6C-4A8A-8374-9D835DB86305}.Release|Any CPU.ActiveCfg = Release|Any CPU
		{B4A6353B-FE6C-4A8A-8374-9D835DB86305}.Release|Any CPU.Build.0 = Release|Any CPU
	EndGlobalSection
	GlobalSection(SolutionProperties) = preSolution
		HideSolutionNode = FALSE
	EndGlobalSection
	GlobalSection(ExtensibilityGlobals) = postSolution
		SolutionGuid = {EB328500-EE8D-4D4B-A2A6-B2A5B10E64EE}
	EndGlobalSection
EndGlobal
